
Microsoft Visual Studio Solution File, Format Version 12.00
# Visual Studio Express 2012 for Windows Desktop
Project("{FAE04EC0-301F-11D3-BF4B-00C04F79EFBC}") = "WordSearch1", "WordSearch1\WordSearch1.csproj", "{5EA83181-22B9-4D83-9A93-5E67C2DF08D1}"
EndProject
Project("{FAE04EC0-301F-11D3-BF4B-00C04F79EFBC}") = "WordSearch1Tests", "WordSearch1Tests\WordSearch1Tests.csproj", "{5C92D965-9A14-4BA1-AAE4-6DF0FB8AFAA8}"
EndProject
Global
	GlobalSection(SolutionConfigurationPlatforms) = preSolution
		Debug|Any CPU = Debug|Any CPU
		Release|Any CPU = Release|Any CPU
	EndGlobalSection
	GlobalSection(ProjectConfigurationPlatforms) = postSolution
		{5EA83181-22B9-4D83-9A93-5E67C2DF08D1}.Debug|Any CPU.ActiveCfg = Debug|Any CPU
		{5EA83181-22B9-4D83-9A93-5E67C2DF08D1}.Debug|Any CPU.Build.0 = Debug|Any CPU
		{5EA83181-22B9-4D83-9A93-5E67C2DF08D1}.Release|Any CPU.ActiveCfg = Release|Any CPU
		{5EA83181-22B9-4D83-9A93-5E67C2DF08D1}.Release|Any CPU.Build.0 = Release|Any CPU
		{5C92D965-9A14-4BA1-AAE4-6DF0FB8AFAA8}.Debug|Any CPU.ActiveCfg = Debug|Any CPU
		{5C92D965-9A14-4BA1-AAE4-6DF0FB8AFAA8}.Debug|Any CPU.Build.0 = Debug|Any CPU
		{5C92D965-9A14-4BA1-AAE4-6DF0FB8AFAA8}.Release|Any CPU.ActiveCfg = Release|Any CPU
		{5C92D965-9A14-4BA1-AAE4-6DF0FB8AFAA8}.Release|Any CPU.Build.0 = Release|Any CPU
	EndGlobalSection
	GlobalSection(SolutionProperties) = preSolution
		HideSolutionNode = FALSE
	EndGlobalSection
EndGlobal
